
Microsoft Visual Studio Solution File, Format Version 12.00
# Visual Studio Version 17
VisualStudioVersion = 17.5.002.0
MinimumVisualStudioVersion = 10.0.40219.1
Project("{9A19103F-16F7-4668-BE54-9A1E7A4F7556}") = "API", "API.csproj", "{B00CF742-3F7A-4C26-9C39-ECACEE1BE8D3}"
EndProject
Global
	GlobalSection(SolutionConfigurationPlatforms) = preSolution
		Debug|Any CPU = Debug|Any CPU
		Release|Any CPU = Release|Any CPU
	EndGlobalSection
	GlobalSection(ProjectConfigurationPlatforms) = postSolution
		{B00CF742-3F7A-4C26-9C39-ECACEE1BE8D3}.Debug|Any CPU.ActiveCfg = Debug|Any CPU
		{B00CF742-3F7A-4C26-9C39-ECACEE1BE8D3}.Debug|Any CPU.Build.0 = Debug|Any CPU
		{B00CF742-3F7A-4C26-9C39-ECACEE1BE8D3}.Release|Any CPU.ActiveCfg = Release|Any CPU
		{B00CF742-3F7A-4C26-9C39-ECACEE1BE8D3}.Release|Any CPU.Build.0 = Release|Any CPU
	EndGlobalSection
	GlobalSection(SolutionProperties) = preSolution
		HideSolutionNode = FALSE
	EndGlobalSection
	GlobalSection(ExtensibilityGlobals) = postSolution
		SolutionGuid = {ADDCB73B-8B1B-4A60-BF69-42CD1D4BF0AA}
	EndGlobalSection
EndGlobal
